PODS:
  - AFNetworking (4.0.1):
    - AFNetworking/NSURLSession (= 4.0.1)
    - AFNetworking/Reachability (= 4.0.1)
    - AFNetworking/Security (= 4.0.1)
    - AFNetworking/Serialization (= 4.0.1)
    - AFNetworking/UIKit (= 4.0.1)
  - AFNetworking/NSURLSession (4.0.1):
    - AFNetworking/Reachability
    - AFNetworking/Security
    - AFNetworking/Serialization
  - AFNetworking/Reachability (4.0.1)
  - AFNetworking/Security (4.0.1)
  - AFNetworking/Serialization (4.0.1)
  - AFNetworking/UIKit (4.0.1):
    - AFNetworking/NSURLSession
  - Crashlytics (3.14.0):
    - Fabric (~> 1.10.2)
  - Fabric (1.10.2)
  - FZAccordionTableView (0.2.3)
  - GoogleMaps (3.9.0):
    - GoogleMaps/Maps (= 3.9.0)
  - GoogleMaps/Base (3.9.0)
  - GoogleMaps/Maps (3.9.0):
    - GoogleMaps/Base
  - IQKeyboardManager (6.5.5)
  - MBProgressHUD (1.1.0)
  - SWTableViewCell (0.3.7)
  - XMLDictionary (1.4.1)

DEPENDENCIES:
  - AFNetworking
  - Crashlytics
  - Fabric
  - FZAccordionTableView (~> 0.2)
  - GoogleMaps
  - IQKeyboardManager
  - MBProgressHUD (~> 1.1.0)
  - SWTableViewCell (~> 0.3.7)
  - XMLDictionary (~> 1.4)

SPEC REPOS:
  trunk:
    - AFNetworking
    - Crashlytics
    - Fabric
    - FZAccordionTableView
    - GoogleMaps
    - IQKeyboardManager
    - MBProgressHUD
    - SWTableViewCell
    - XMLDictionary

SPEC CHECKSUMS:
  AFNetworking: 7864c38297c79aaca1500c33288e429c3451fdce
  Crashlytics: 540b7e5f5da5a042647227a5e3ac51d85eed06df
  Fabric: 706c8b8098fff96c33c0db69cbf81f9c551d0d74
  FZAccordionTableView: e64f49c71c32d750feda14025b088bcd25d1a71f
  GoogleMaps: 4b5346bddfe6911bb89155d43c903020170523ac
  IQKeyboardManager: 3a8b9e603f8b0eeaf5f096a1f2b2cfcf121992ef
  MBProgressHUD: e7baa36a220447d8aeb12769bf0585582f3866d9
  SWTableViewCell: 2a94aadc9d47b2b611fa064566bf57948b95b579
  XMLDictionary: fa07b6ff422b3a91d47a5de9bc82e3fc04fbd167

PODFILE CHECKSUM: 2039c687e357cb5c3b7286228da280f2a90b4d3d

COCOAPODS: 1.9.3
