// !$*UTF8*$!
{
	archiveVersion = 1;
	classes = {
	};
	objectVersion = 46;
	objects = {

/* Begin PBXBuildFile section */
		1D112C0A1DB4BCCE000435DE /* QuickBalances.m in Sources */ = {isa = PBXBuildFile; fileRef = 1D112C091DB4BCCE000435DE /* QuickBalances.m */; };
		1D112C0D1DB4E6C6000435DE /* SuffixInfo.m in Sources */ = {isa = PBXBuildFile; fileRef = 1D112C0C1DB4E6C6000435DE /* SuffixInfo.m */; };
		1D1415491DA4D3710048F8B1 /* SharedUser.m in Sources */ = {isa = PBXBuildFile; fileRef = 1D1415481DA4D3710048F8B1 /* SharedUser.m */; };
		1D1AD79F1D9947BD0014C743 /* Security.framework in Frameworks */ = {isa = PBXBuildFile; fileRef = 1D1AD79E1D9947BD0014C743 /* Security.framework */; };
		1D1AD7A31D9947CA0014C743 /* BBAES.m in Sources */ = {isa = PBXBuildFile; fileRef = 1D1AD7A21D9947CA0014C743 /* BBAES.m */; };
		1D23999C1D9135B000157320 /* AccordionHeaderView.m in Sources */ = {isa = PBXBuildFile; fileRef = 1D23999A1D9135B000157320 /* AccordionHeaderView.m */; };
		1D23999D1D9135B000157320 /* AccordionHeaderView.xib in Resources */ = {isa = PBXBuildFile; fileRef = 1D23999B1D9135B000157320 /* AccordionHeaderView.xib */; };
		1D2399A01D913C8C00157320 /* ShareOneUtility.m in Sources */ = {isa = PBXBuildFile; fileRef = 1D23999F1D913C8C00157320 /* ShareOneUtility.m */; };
		1D2399A31D9169CF00157320 /* SideMenuCell.m in Sources */ = {isa = PBXBuildFile; fileRef = 1D2399A21D9169CF00157320 /* SideMenuCell.m */; };
		1D3D127A1DBF353500719170 /* DeviceAuth.m in Sources */ = {isa = PBXBuildFile; fileRef = 1D3D12791DBF353500719170 /* DeviceAuth.m */; };
		1D4245D01DCA312A00A76E52 /* libVertifiImageProcessing.a in Frameworks */ = {isa = PBXBuildFile; fileRef = 1D4245CF1DCA312A00A76E52 /* libVertifiImageProcessing.a */; };
		1D4245D51DCB198400A76E52 /* AdvertisementController.m in Sources */ = {isa = PBXBuildFile; fileRef = 1D4245D41DCB198400A76E52 /* AdvertisementController.m */; };
		1D4BA8701D9CE98E00395B16 /* LocalAuthentication.framework in Frameworks */ = {isa = PBXBuildFile; fileRef = 1D4BA86F1D9CE98E00395B16 /* LocalAuthentication.framework */; };
		1D8478E61D92949400153B19 /* QBHeaderCell.m in Sources */ = {isa = PBXBuildFile; fileRef = 1D8478E51D92949400153B19 /* QBHeaderCell.m */; };
		1D8478E91D9294EC00153B19 /* QBDetailsCell.m in Sources */ = {isa = PBXBuildFile; fileRef = 1D8478E81D9294EC00153B19 /* QBDetailsCell.m */; };
		1D8478EE1D93D6BA00153B19 /* MobileDepositController.m in Sources */ = {isa = PBXBuildFile; fileRef = 1D8478ED1D93D6BA00153B19 /* MobileDepositController.m */; };
		1D956DC91DA3AFE2007F6D11 /* CustomNavController.m in Sources */ = {isa = PBXBuildFile; fileRef = 1D956DC81DA3AFE2007F6D11 /* CustomNavController.m */; };
		1DA3B5FA1DB7950500DB5731 /* Location.m in Sources */ = {isa = PBXBuildFile; fileRef = 1DA3B5F91DB7950500DB5731 /* Location.m */; };
		1DB927381DBE193E00C08F29 /* LoadingController.m in Sources */ = {isa = PBXBuildFile; fileRef = 1DB927371DBE193E00C08F29 /* LoadingController.m */; };
		1DB9273B1DBE267900C08F29 /* HTTPRequestOperation.m in Sources */ = {isa = PBXBuildFile; fileRef = 1DB9273A1DBE267900C08F29 /* HTTPRequestOperation.m */; };
		1DB9273F1DBE29B800C08F29 /* LoaderServices.m in Sources */ = {isa = PBXBuildFile; fileRef = 1DB9273E1DBE29B800C08F29 /* LoaderServices.m */; };
		1DBD4DBF1DB0EE7F00943995 /* MemberDevices.m in Sources */ = {isa = PBXBuildFile; fileRef = 1DBD4DBE1DB0EE7F00943995 /* MemberDevices.m */; };
		1DBD4DC21DB1053200943995 /* QBFooterView.m in Sources */ = {isa = PBXBuildFile; fileRef = 1DBD4DC11DB1053200943995 /* QBFooterView.m */; };
		1DBD4DC41DB105BC00943995 /* QBFooterView.xib in Resources */ = {isa = PBXBuildFile; fileRef = 1DBD4DC31DB105BC00943995 /* QBFooterView.xib */; };
		1DEBD76B1D93F58600277DF6 /* PayPersonController.m in Sources */ = {isa = PBXBuildFile; fileRef = 1DEBD76A1D93F58600277DF6 /* PayPersonController.m */; };
		1DF6081F1DAB997900FF85E2 /* CashDeposit.m in Sources */ = {isa = PBXBuildFile; fileRef = 1DF6081E1DAB997900FF85E2 /* CashDeposit.m */; };
		2A1B38C5F344B79D83DE1BDB /* libPods-ShareOne.a in Frameworks */ = {isa = PBXBuildFile; fileRef = B90ABDC2A7EA08C5AA70E630 /* libPods-ShareOne.a */; };
		6BD4058C1D81B59200358036 /* main.m in Sources */ = {isa = PBXBuildFile; fileRef = 6BD4058B1D81B59200358036 /* main.m */; };
		6BD4058F1D81B59300358036 /* AppDelegate.m in Sources */ = {isa = PBXBuildFile; fileRef = 6BD4058E1D81B59300358036 /* AppDelegate.m */; };
		6BD405951D81B59300358036 /* Main.storyboard in Resources */ = {isa = PBXBuildFile; fileRef = 6BD405931D81B59300358036 /* Main.storyboard */; };
		6BD405971D81B59300358036 /* Assets.xcassets in Resources */ = {isa = PBXBuildFile; fileRef = 6BD405961D81B59300358036 /* Assets.xcassets */; };
		6BD4059A1D81B59300358036 /* LaunchScreen.storyboard in Resources */ = {isa = PBXBuildFile; fileRef = 6BD405981D81B59300358036 /* LaunchScreen.storyboard */; };
		6BD405B21D81B92E00358036 /* LeftMenuViewController.m in Sources */ = {isa = PBXBuildFile; fileRef = 6BD405B11D81B92E00358036 /* LeftMenuViewController.m */; };
		6BD405B61D829FAA00358036 /* BaseViewController.m in Sources */ = {isa = PBXBuildFile; fileRef = 6BD405B51D829FAA00358036 /* BaseViewController.m */; };
		6BD405BC1D82B08900358036 /* Validation.m in Sources */ = {isa = PBXBuildFile; fileRef = 6BD405BB1D82B08900358036 /* Validation.m */; };
		6BD405C21D82C93700358036 /* AppServiceModel.m in Sources */ = {isa = PBXBuildFile; fileRef = 6BD405C11D82C93700358036 /* AppServiceModel.m */; };
		6BD405C51D82C94300358036 /* SignInModel.m in Sources */ = {isa = PBXBuildFile; fileRef = 6BD405C41D82C94300358036 /* SignInModel.m */; };
		6BD405C81D82CA2F00358036 /* UtilitiesHelper.m in Sources */ = {isa = PBXBuildFile; fileRef = 6BD405C71D82CA2F00358036 /* UtilitiesHelper.m */; };
		6BD405CC1D82CA7200358036 /* User.m in Sources */ = {isa = PBXBuildFile; fileRef = 6BD405CB1D82CA7200358036 /* User.m */; };
		6BD405D71D8306AC00358036 /* BranchLocationViewController.m in Sources */ = {isa = PBXBuildFile; fileRef = 6BD405D61D8306AC00358036 /* BranchLocationViewController.m */; };
		6BD405DA1D8306C800358036 /* LoginViewController.m in Sources */ = {isa = PBXBuildFile; fileRef = 6BD405D91D8306C800358036 /* LoginViewController.m */; };
		6BD405DD1D8306D900358036 /* ForgotPasswordViewController.m in Sources */ = {isa = PBXBuildFile; fileRef = 6BD405DC1D8306D900358036 /* ForgotPasswordViewController.m */; };
		6BD405E01D8306EC00358036 /* QuickBalancesViewController.m in Sources */ = {isa = PBXBuildFile; fileRef = 6BD405DF1D8306EC00358036 /* QuickBalancesViewController.m */; };
		6BD405E31D83070B00358036 /* SendMoneyViewController.m in Sources */ = {isa = PBXBuildFile; fileRef = 6BD405E21D83070B00358036 /* SendMoneyViewController.m */; };
		6BD405E61D83071D00358036 /* SettingsViewController.m in Sources */ = {isa = PBXBuildFile; fileRef = 6BD405E51D83071D00358036 /* SettingsViewController.m */; };
		6BD405E91D83073700358036 /* SocialMediaViewController.m in Sources */ = {isa = PBXBuildFile; fileRef = 6BD405E81D83073700358036 /* SocialMediaViewController.m */; };
		6BD405EC1D83074600358036 /* SplashViewController.m in Sources */ = {isa = PBXBuildFile; fileRef = 6BD405EB1D83074600358036 /* SplashViewController.m */; };
		6BD405EF1D83077D00358036 /* SurchargeAtmsViewController.m in Sources */ = {isa = PBXBuildFile; fileRef = 6BD405EE1D83077D00358036 /* SurchargeAtmsViewController.m */; };
		6BD405F21D83079100358036 /* HomeViewController.m in Sources */ = {isa = PBXBuildFile; fileRef = 6BD405F11D83079100358036 /* HomeViewController.m */; };
		6BD405F61D8307DF00358036 /* WebViewController.m in Sources */ = {isa = PBXBuildFile; fileRef = 6BD405F51D8307DF00358036 /* WebViewController.m */; };
		6BD433DB1D8C09C30067515A /* SlideMenu.plist in Resources */ = {isa = PBXBuildFile; fileRef = 6BD433DA1D8C09C30067515A /* SlideMenu.plist */; };
		F2099F9A1D9D37D700AAA8AC /* CoreGraphics.framework in Frameworks */ = {isa = PBXBuildFile; fileRef = F2099F991D9D37D700AAA8AC /* CoreGraphics.framework */; };
		F2099FA81D9D3B4C00AAA8AC /* MJPopupBackgroundView.m in Sources */ = {isa = PBXBuildFile; fileRef = F2099FA51D9D3B4C00AAA8AC /* MJPopupBackgroundView.m */; };
		F2099FA91D9D3B4C00AAA8AC /* UIViewController+MJPopupViewController.m in Sources */ = {isa = PBXBuildFile; fileRef = F2099FA71D9D3B4C00AAA8AC /* UIViewController+MJPopupViewController.m */; };
		F2099FAD1D9D3B7D00AAA8AC /* ImageViewPopUpController.m in Sources */ = {isa = PBXBuildFile; fileRef = F2099FAB1D9D3B7D00AAA8AC /* ImageViewPopUpController.m */; };
		F20C71F21D92CF940072D405 /* BranchLocationCell.m in Sources */ = {isa = PBXBuildFile; fileRef = F20C71F11D92CF940072D405 /* BranchLocationCell.m */; };
		F229DB651D9E734300A705A5 /* CameraViewController.m in Sources */ = {isa = PBXBuildFile; fileRef = F229DB621D9E734300A705A5 /* CameraViewController.m */; };
		F229DB661D9E734300A705A5 /* Global.m in Sources */ = {isa = PBXBuildFile; fileRef = F229DB641D9E734300A705A5 /* Global.m */; };
		F229DB6A1D9E7D6000A705A5 /* CoreVideo.framework in Frameworks */ = {isa = PBXBuildFile; fileRef = F229DB691D9E7D6000A705A5 /* CoreVideo.framework */; };
		F229DB6C1D9E7D6700A705A5 /* OpenGLES.framework in Frameworks */ = {isa = PBXBuildFile; fileRef = F229DB6B1D9E7D6700A705A5 /* OpenGLES.framework */; };
		F229DB6E1D9E7D7B00A705A5 /* CoreMedia.framework in Frameworks */ = {isa = PBXBuildFile; fileRef = F229DB6D1D9E7D7B00A705A5 /* CoreMedia.framework */; };
		F229DB701D9E7D8100A705A5 /* QuartzCore.framework in Frameworks */ = {isa = PBXBuildFile; fileRef = F229DB6F1D9E7D8100A705A5 /* QuartzCore.framework */; };
		F229DB721D9E7FEC00A705A5 /* Foundation.framework in Frameworks */ = {isa = PBXBuildFile; fileRef = F229DB711D9E7FEC00A705A5 /* Foundation.framework */; };
		F229DB791D9E821C00A705A5 /* CameraCropView.m in Sources */ = {isa = PBXBuildFile; fileRef = F229DB741D9E821C00A705A5 /* CameraCropView.m */; };
		F229DB7A1D9E821C00A705A5 /* CameraGridView.m in Sources */ = {isa = PBXBuildFile; fileRef = F229DB761D9E821C00A705A5 /* CameraGridView.m */; };
		F229DB7B1D9E821C00A705A5 /* TransparentToolbar.m in Sources */ = {isa = PBXBuildFile; fileRef = F229DB781D9E821C00A705A5 /* TransparentToolbar.m */; };
		F229DB7E1D9E93B200A705A5 /* CameraViewController_iPhone.xib in Resources */ = {isa = PBXBuildFile; fileRef = F229DB7D1D9E93B200A705A5 /* CameraViewController_iPhone.xib */; };
		F26255431D94171300383B9E /* ATMLocationViewController.m in Sources */ = {isa = PBXBuildFile; fileRef = F26255421D94171300383B9E /* ATMLocationViewController.m */; };
		F2BFF9FC1D9BF6A000D76E0D /* GetDirectionViewController.m in Sources */ = {isa = PBXBuildFile; fileRef = F2BFF9FB1D9BF6A000D76E0D /* GetDirectionViewController.m */; };
		F2BFF9FF1D9BFBA500D76E0D /* LRouteController.m in Sources */ = {isa = PBXBuildFile; fileRef = F2BFF9FE1D9BFBA500D76E0D /* LRouteController.m */; };
/* End PBXBuildFile section */

/* Begin PBXFileReference section */
		1D112C081DB4BCCE000435DE /* QuickBalances.h */ = {isa = PBXFileReference; fileEncoding = 4; lastKnownFileType = sourcecode.c.h; path = QuickBalances.h; sourceTree = "<group>"; };
		1D112C091DB4BCCE000435DE /* QuickBalances.m */ = {isa = PBXFileReference; fileEncoding = 4; lastKnownFileType = sourcecode.c.objc; path = QuickBalances.m; sourceTree = "<group>"; };
		1D112C0B1DB4E6C6000435DE /* SuffixInfo.h */ = {isa = PBXFileReference; fileEncoding = 4; lastKnownFileType = sourcecode.c.h; path = SuffixInfo.h; sourceTree = "<group>"; };
		1D112C0C1DB4E6C6000435DE /* SuffixInfo.m */ = {isa = PBXFileReference; fileEncoding = 4; lastKnownFileType = sourcecode.c.objc; path = SuffixInfo.m; sourceTree = "<group>"; };
		1D1415471DA4D3710048F8B1 /* SharedUser.h */ = {isa = PBXFileReference; fileEncoding = 4; lastKnownFileType = sourcecode.c.h; path = SharedUser.h; sourceTree = "<group>"; };
		1D1415481DA4D3710048F8B1 /* SharedUser.m */ = {isa = PBXFileReference; fileEncoding = 4; lastKnownFileType = sourcecode.c.objc; path = SharedUser.m; sourceTree = "<group>"; };
		1D1AD79E1D9947BD0014C743 /* Security.framework */ = {isa = PBXFileReference; lastKnownFileType = wrapper.framework; name = Security.framework; path = System/Library/Frameworks/Security.framework; sourceTree = SDKROOT; };
		1D1AD7A11D9947CA0014C743 /* BBAES.h */ = {isa = PBXFileReference; fileEncoding = 4; lastKnownFileType = sourcecode.c.h; path = BBAES.h; sourceTree = "<group>"; };
		1D1AD7A21D9947CA0014C743 /* BBAES.m */ = {isa = PBXFileReference; fileEncoding = 4; lastKnownFileType = sourcecode.c.objc; path = BBAES.m; sourceTree = "<group>"; };
		1D2399991D9135B000157320 /* AccordionHeaderView.h */ = {isa = PBXFileReference; fileEncoding = 4; lastKnownFileType = sourcecode.c.h; path = AccordionHeaderView.h; sourceTree = "<group>"; };
		1D23999A1D9135B000157320 /* AccordionHeaderView.m */ = {isa = PBXFileReference; fileEncoding = 4; lastKnownFileType = sourcecode.c.objc; path = AccordionHeaderView.m; sourceTree = "<group>"; };
		1D23999B1D9135B000157320 /* AccordionHeaderView.xib */ = {isa = PBXFileReference; fileEncoding = 4; lastKnownFileType = file.xib; path = AccordionHeaderView.xib; sourceTree = "<group>"; };
		1D23999E1D913C8C00157320 /* ShareOneUtility.h */ = {isa = PBXFileReference; fileEncoding = 4; lastKnownFileType = sourcecode.c.h; path = ShareOneUtility.h; sourceTree = "<group>"; };
		1D23999F1D913C8C00157320 /* ShareOneUtility.m */ = {isa = PBXFileReference; fileEncoding = 4; lastKnownFileType = sourcecode.c.objc; path = ShareOneUtility.m; sourceTree = "<group>"; };
		1D2399A11D9169CF00157320 /* SideMenuCell.h */ = {isa = PBXFileReference; fileEncoding = 4; lastKnownFileType = sourcecode.c.h; path = SideMenuCell.h; sourceTree = "<group>"; };
		1D2399A21D9169CF00157320 /* SideMenuCell.m */ = {isa = PBXFileReference; fileEncoding = 4; lastKnownFileType = sourcecode.c.objc; path = SideMenuCell.m; sourceTree = "<group>"; };
		1D3D12781DBF353500719170 /* DeviceAuth.h */ = {isa = PBXFileReference; fileEncoding = 4; lastKnownFileType = sourcecode.c.h; path = DeviceAuth.h; sourceTree = "<group>"; };
		1D3D12791DBF353500719170 /* DeviceAuth.m */ = {isa = PBXFileReference; fileEncoding = 4; lastKnownFileType = sourcecode.c.objc; path = DeviceAuth.m; sourceTree = "<group>"; };
		1D4245CF1DCA312A00A76E52 /* libVertifiImageProcessing.a */ = {isa = PBXFileReference; lastKnownFileType = archive.ar; name = libVertifiImageProcessing.a; path = ShareOne/ReuseableComponents/libVertifiImageProcessing.a; sourceTree = "<group>"; };
		1D4245D31DCB198400A76E52 /* AdvertisementController.h */ = {isa = PBXFileReference; fileEncoding = 4; lastKnownFileType = sourcecode.c.h; path = AdvertisementController.h; sourceTree = "<group>"; };
		1D4245D41DCB198400A76E52 /* AdvertisementController.m */ = {isa = PBXFileReference; fileEncoding = 4; lastKnownFileType = sourcecode.c.objc; path = AdvertisementController.m; sourceTree = "<group>"; };
		1D4BA86F1D9CE98E00395B16 /* LocalAuthentication.framework */ = {isa = PBXFileReference; lastKnownFileType = wrapper.framework; name = LocalAuthentication.framework; path = System/Library/Frameworks/LocalAuthentication.framework; sourceTree = SDKROOT; };
		1D8478E41D92949400153B19 /* QBHeaderCell.h */ = {isa = PBXFileReference; fileEncoding = 4; lastKnownFileType = sourcecode.c.h; path = QBHeaderCell.h; sourceTree = "<group>"; };
		1D8478E51D92949400153B19 /* QBHeaderCell.m */ = {isa = PBXFileReference; fileEncoding = 4; lastKnownFileType = sourcecode.c.objc; path = QBHeaderCell.m; sourceTree = "<group>"; };
		1D8478E71D9294EC00153B19 /* QBDetailsCell.h */ = {isa = PBXFileReference; fileEncoding = 4; lastKnownFileType = sourcecode.c.h; path = QBDetailsCell.h; sourceTree = "<group>"; };
		1D8478E81D9294EC00153B19 /* QBDetailsCell.m */ = {isa = PBXFileReference; fileEncoding = 4; lastKnownFileType = sourcecode.c.objc; path = QBDetailsCell.m; sourceTree = "<group>"; };
		1D8478EC1D93D6BA00153B19 /* MobileDepositController.h */ = {isa = PBXFileReference; fileEncoding = 4; lastKnownFileType = sourcecode.c.h; path = MobileDepositController.h; sourceTree = "<group>"; };
		1D8478ED1D93D6BA00153B19 /* MobileDepositController.m */ = {isa = PBXFileReference; fileEncoding = 4; lastKnownFileType = sourcecode.c.objc; path = MobileDepositController.m; sourceTree = "<group>"; };
		1D956DC71DA3AFE2007F6D11 /* CustomNavController.h */ = {isa = PBXFileReference; fileEncoding = 4; lastKnownFileType = sourcecode.c.h; path = CustomNavController.h; sourceTree = "<group>"; };
		1D956DC81DA3AFE2007F6D11 /* CustomNavController.m */ = {isa = PBXFileReference; fileEncoding = 4; lastKnownFileType = sourcecode.c.objc; path = CustomNavController.m; sourceTree = "<group>"; };
		1DA3B5F81DB7950500DB5731 /* Location.h */ = {isa = PBXFileReference; fileEncoding = 4; lastKnownFileType = sourcecode.c.h; path = Location.h; sourceTree = "<group>"; };
		1DA3B5F91DB7950500DB5731 /* Location.m */ = {isa = PBXFileReference; fileEncoding = 4; lastKnownFileType = sourcecode.c.objc; path = Location.m; sourceTree = "<group>"; };
		1DB927361DBE193E00C08F29 /* LoadingController.h */ = {isa = PBXFileReference; fileEncoding = 4; lastKnownFileType = sourcecode.c.h; path = LoadingController.h; sourceTree = "<group>"; };
		1DB927371DBE193E00C08F29 /* LoadingController.m */ = {isa = PBXFileReference; fileEncoding = 4; lastKnownFileType = sourcecode.c.objc; path = LoadingController.m; sourceTree = "<group>"; };
		1DB927391DBE267900C08F29 /* HTTPRequestOperation.h */ = {isa = PBXFileReference; fileEncoding = 4; lastKnownFileType = sourcecode.c.h; path = HTTPRequestOperation.h; sourceTree = "<group>"; };
		1DB9273A1DBE267900C08F29 /* HTTPRequestOperation.m */ = {isa = PBXFileReference; fileEncoding = 4; lastKnownFileType = sourcecode.c.objc; path = HTTPRequestOperation.m; sourceTree = "<group>"; };
		1DB9273D1DBE29B800C08F29 /* LoaderServices.h */ = {isa = PBXFileReference; fileEncoding = 4; lastKnownFileType = sourcecode.c.h; path = LoaderServices.h; sourceTree = "<group>"; };
		1DB9273E1DBE29B800C08F29 /* LoaderServices.m */ = {isa = PBXFileReference; fileEncoding = 4; lastKnownFileType = sourcecode.c.objc; path = LoaderServices.m; sourceTree = "<group>"; };
		1DBD4DBD1DB0EE7F00943995 /* MemberDevices.h */ = {isa = PBXFileReference; fileEncoding = 4; lastKnownFileType = sourcecode.c.h; path = MemberDevices.h; sourceTree = "<group>"; };
		1DBD4DBE1DB0EE7F00943995 /* MemberDevices.m */ = {isa = PBXFileReference; fileEncoding = 4; lastKnownFileType = sourcecode.c.objc; path = MemberDevices.m; sourceTree = "<group>"; };
		1DBD4DC01DB1053200943995 /* QBFooterView.h */ = {isa = PBXFileReference; fileEncoding = 4; lastKnownFileType = sourcecode.c.h; path = QBFooterView.h; sourceTree = "<group>"; };
		1DBD4DC11DB1053200943995 /* QBFooterView.m */ = {isa = PBXFileReference; fileEncoding = 4; lastKnownFileType = sourcecode.c.objc; path = QBFooterView.m; sourceTree = "<group>"; };
		1DBD4DC31DB105BC00943995 /* QBFooterView.xib */ = {isa = PBXFileReference; fileEncoding = 4; lastKnownFileType = file.xib; path = QBFooterView.xib; sourceTree = "<group>"; };
		1DDC9E5C1D910BE70049DAD4 /* HomeNavigationDelegate.h */ = {isa = PBXFileReference; fileEncoding = 4; lastKnownFileType = sourcecode.c.h; path = HomeNavigationDelegate.h; sourceTree = "<group>"; };
		1DEBD7691D93F58600277DF6 /* PayPersonController.h */ = {isa = PBXFileReference; fileEncoding = 4; lastKnownFileType = sourcecode.c.h; path = PayPersonController.h; sourceTree = "<group>"; };
		1DEBD76A1D93F58600277DF6 /* PayPersonController.m */ = {isa = PBXFileReference; fileEncoding = 4; lastKnownFileType = sourcecode.c.objc; path = PayPersonController.m; sourceTree = "<group>"; };
		1DF6081D1DAB997900FF85E2 /* CashDeposit.h */ = {isa = PBXFileReference; fileEncoding = 4; lastKnownFileType = sourcecode.c.h; path = CashDeposit.h; sourceTree = "<group>"; };
		1DF6081E1DAB997900FF85E2 /* CashDeposit.m */ = {isa = PBXFileReference; fileEncoding = 4; lastKnownFileType = sourcecode.c.objc; path = CashDeposit.m; sourceTree = "<group>"; };
		6BD405871D81B59200358036 /* ShareOne.app */ = {isa = PBXFileReference; explicitFileType = wrapper.application; includeInIndex = 0; path = ShareOne.app; sourceTree = BUILT_PRODUCTS_DIR; };
		6BD4058B1D81B59200358036 /* main.m */ = {isa = PBXFileReference; lastKnownFileType = sourcecode.c.objc; path = main.m; sourceTree = "<group>"; };
		6BD4058D1D81B59300358036 /* AppDelegate.h */ = {isa = PBXFileReference; lastKnownFileType = sourcecode.c.h; path = AppDelegate.h; sourceTree = "<group>"; };
		6BD4058E1D81B59300358036 /* AppDelegate.m */ = {isa = PBXFileReference; lastKnownFileType = sourcecode.c.objc; path = AppDelegate.m; sourceTree = "<group>"; };
		6BD405941D81B59300358036 /* Base */ = {isa = PBXFileReference; lastKnownFileType = file.storyboard; name = Base; path = Base.lproj/Main.storyboard; sourceTree = "<group>"; };
		6BD405961D81B59300358036 /* Assets.xcassets */ = {isa = PBXFileReference; lastKnownFileType = folder.assetcatalog; path = Assets.xcassets; sourceTree = "<group>"; };
		6BD405991D81B59300358036 /* Base */ = {isa = PBXFileReference; lastKnownFileType = file.storyboard; name = Base; path = Base.lproj/LaunchScreen.storyboard; sourceTree = "<group>"; };
		6BD4059B1D81B59300358036 /* Info.plist */ = {isa = PBXFileReference; lastKnownFileType = text.plist.xml; path = Info.plist; sourceTree = "<group>"; };
		6BD405B01D81B92E00358036 /* LeftMenuViewController.h */ = {isa = PBXFileReference; fileEncoding = 4; lastKnownFileType = sourcecode.c.h; path = LeftMenuViewController.h; sourceTree = "<group>"; };
		6BD405B11D81B92E00358036 /* LeftMenuViewController.m */ = {isa = PBXFileReference; fileEncoding = 4; lastKnownFileType = sourcecode.c.objc; path = LeftMenuViewController.m; sourceTree = "<group>"; };
		6BD405B41D829FAA00358036 /* BaseViewController.h */ = {isa = PBXFileReference; fileEncoding = 4; lastKnownFileType = sourcecode.c.h; path = BaseViewController.h; sourceTree = "<group>"; };
		6BD405B51D829FAA00358036 /* BaseViewController.m */ = {isa = PBXFileReference; fileEncoding = 4; lastKnownFileType = sourcecode.c.objc; path = BaseViewController.m; sourceTree = "<group>"; };
		6BD405BA1D82B08900358036 /* Validation.h */ = {isa = PBXFileReference; fileEncoding = 4; lastKnownFileType = sourcecode.c.h; path = Validation.h; sourceTree = "<group>"; };
		6BD405BB1D82B08900358036 /* Validation.m */ = {isa = PBXFileReference; fileEncoding = 4; lastKnownFileType = sourcecode.c.objc; path = Validation.m; sourceTree = "<group>"; };
		6BD405BD1D82B09700358036 /* ConstantsShareOne.h */ = {isa = PBXFileReference; lastKnownFileType = sourcecode.c.h; path = ConstantsShareOne.h; sourceTree = "<group>"; };
		6BD405BE1D82B09700358036 /* Services.h */ = {isa = PBXFileReference; lastKnownFileType = sourcecode.c.h; path = Services.h; sourceTree = "<group>"; };
		6BD405BF1D82B09700358036 /* SignInModuleConstants.h */ = {isa = PBXFileReference; lastKnownFileType = sourcecode.c.h; path = SignInModuleConstants.h; sourceTree = "<group>"; };
		6BD405C01D82C93700358036 /* AppServiceModel.h */ = {isa = PBXFileReference; fileEncoding = 4; lastKnownFileType = sourcecode.c.h; path = AppServiceModel.h; sourceTree = "<group>"; };
		6BD405C11D82C93700358036 /* AppServiceModel.m */ = {isa = PBXFileReference; fileEncoding = 4; lastKnownFileType = sourcecode.c.objc; path = AppServiceModel.m; sourceTree = "<group>"; };
		6BD405C31D82C94300358036 /* SignInModel.h */ = {isa = PBXFileReference; fileEncoding = 4; lastKnownFileType = sourcecode.c.h; path = SignInModel.h; sourceTree = "<group>"; };
		6BD405C41D82C94300358036 /* SignInModel.m */ = {isa = PBXFileReference; fileEncoding = 4; lastKnownFileType = sourcecode.c.objc; path = SignInModel.m; sourceTree = "<group>"; };
		6BD405C61D82CA2F00358036 /* UtilitiesHelper.h */ = {isa = PBXFileReference; fileEncoding = 4; lastKnownFileType = sourcecode.c.h; path = UtilitiesHelper.h; sourceTree = "<group>"; };
		6BD405C71D82CA2F00358036 /* UtilitiesHelper.m */ = {isa = PBXFileReference; fileEncoding = 4; lastKnownFileType = sourcecode.c.objc; path = UtilitiesHelper.m; sourceTree = "<group>"; };
		6BD405CA1D82CA7200358036 /* User.h */ = {isa = PBXFileReference; fileEncoding = 4; lastKnownFileType = sourcecode.c.h; path = User.h; sourceTree = "<group>"; };
		6BD405CB1D82CA7200358036 /* User.m */ = {isa = PBXFileReference; fileEncoding = 4; lastKnownFileType = sourcecode.c.objc; path = User.m; sourceTree = "<group>"; };
		6BD405D51D8306AC00358036 /* BranchLocationViewController.h */ = {isa = PBXFileReference; fileEncoding = 4; lastKnownFileType = sourcecode.c.h; path = BranchLocationViewController.h; sourceTree = "<group>"; };
		6BD405D61D8306AC00358036 /* BranchLocationViewController.m */ = {isa = PBXFileReference; fileEncoding = 4; lastKnownFileType = sourcecode.c.objc; path = BranchLocationViewController.m; sourceTree = "<group>"; };
		6BD405D81D8306C800358036 /* LoginViewController.h */ = {isa = PBXFileReference; fileEncoding = 4; lastKnownFileType = sourcecode.c.h; path = LoginViewController.h; sourceTree = "<group>"; };
		6BD405D91D8306C800358036 /* LoginViewController.m */ = {isa = PBXFileReference; fileEncoding = 4; lastKnownFileType = sourcecode.c.objc; path = LoginViewController.m; sourceTree = "<group>"; };
		6BD405DB1D8306D900358036 /* ForgotPasswordViewController.h */ = {isa = PBXFileReference; fileEncoding = 4; lastKnownFileType = sourcecode.c.h; path = ForgotPasswordViewController.h; sourceTree = "<group>"; };
		6BD405DC1D8306D900358036 /* ForgotPasswordViewController.m */ = {isa = PBXFileReference; fileEncoding = 4; lastKnownFileType = sourcecode.c.objc; path = ForgotPasswordViewController.m; sourceTree = "<group>"; };
		6BD405DE1D8306EC00358036 /* QuickBalancesViewController.h */ = {isa = PBXFileReference; fileEncoding = 4; lastKnownFileType = sourcecode.c.h; path = QuickBalancesViewController.h; sourceTree = "<group>"; };
		6BD405DF1D8306EC00358036 /* QuickBalancesViewController.m */ = {isa = PBXFileReference; fileEncoding = 4; lastKnownFileType = sourcecode.c.objc; path = QuickBalancesViewController.m; sourceTree = "<group>"; };
		6BD405E11D83070B00358036 /* SendMoneyViewController.h */ = {isa = PBXFileReference; fileEncoding = 4; lastKnownFileType = sourcecode.c.h; path = SendMoneyViewController.h; sourceTree = "<group>"; };
		6BD405E21D83070B00358036 /* SendMoneyViewController.m */ = {isa = PBXFileReference; fileEncoding = 4; lastKnownFileType = sourcecode.c.objc; path = SendMoneyViewController.m; sourceTree = "<group>"; };
		6BD405E41D83071D00358036 /* SettingsViewController.h */ = {isa = PBXFileReference; fileEncoding = 4; lastKnownFileType = sourcecode.c.h; path = SettingsViewController.h; sourceTree = "<group>"; };
		6BD405E51D83071D00358036 /* SettingsViewController.m */ = {isa = PBXFileReference; fileEncoding = 4; lastKnownFileType = sourcecode.c.objc; path = SettingsViewController.m; sourceTree = "<group>"; };
		6BD405E71D83073700358036 /* SocialMediaViewController.h */ = {isa = PBXFileReference; fileEncoding = 4; lastKnownFileType = sourcecode.c.h; path = SocialMediaViewController.h; sourceTree = "<group>"; };
		6BD405E81D83073700358036 /* SocialMediaViewController.m */ = {isa = PBXFileReference; fileEncoding = 4; lastKnownFileType = sourcecode.c.objc; path = SocialMediaViewController.m; sourceTree = "<group>"; };
		6BD405EA1D83074600358036 /* SplashViewController.h */ = {isa = PBXFileReference; fileEncoding = 4; lastKnownFileType = sourcecode.c.h; path = SplashViewController.h; sourceTree = "<group>"; };
		6BD405EB1D83074600358036 /* SplashViewController.m */ = {isa = PBXFileReference; fileEncoding = 4; lastKnownFileType = sourcecode.c.objc; path = SplashViewController.m; sourceTree = "<group>"; };
		6BD405ED1D83077D00358036 /* SurchargeAtmsViewController.h */ = {isa = PBXFileReference; fileEncoding = 4; lastKnownFileType = sourcecode.c.h; path = SurchargeAtmsViewController.h; sourceTree = "<group>"; };
		6BD405EE1D83077D00358036 /* SurchargeAtmsViewController.m */ = {isa = PBXFileReference; fileEncoding = 4; lastKnownFileType = sourcecode.c.objc; path = SurchargeAtmsViewController.m; sourceTree = "<group>"; };
		6BD405F01D83079100358036 /* HomeViewController.h */ = {isa = PBXFileReference; fileEncoding = 4; lastKnownFileType = sourcecode.c.h; path = HomeViewController.h; sourceTree = "<group>"; };
		6BD405F11D83079100358036 /* HomeViewController.m */ = {isa = PBXFileReference; fileEncoding = 4; lastKnownFileType = sourcecode.c.objc; path = HomeViewController.m; sourceTree = "<group>"; };
		6BD405F41D8307DF00358036 /* WebViewController.h */ = {isa = PBXFileReference; fileEncoding = 4; lastKnownFileType = sourcecode.c.h; path = WebViewController.h; sourceTree = "<group>"; };
		6BD405F51D8307DF00358036 /* WebViewController.m */ = {isa = PBXFileReference; fileEncoding = 4; lastKnownFileType = sourcecode.c.objc; path = WebViewController.m; sourceTree = "<group>"; };
		6BD433DA1D8C09C30067515A /* SlideMenu.plist */ = {isa = PBXFileReference; fileEncoding = 4; lastKnownFileType = text.plist.xml; path = SlideMenu.plist; sourceTree = "<group>"; };
		814EAC4D7022C3B362F8BA3F /* Pods-ShareOne.release.xcconfig */ = {isa = PBXFileReference; includeInIndex = 1; lastKnownFileType = text.xcconfig; name = "Pods-ShareOne.release.xcconfig"; path = "Pods/Target Support Files/Pods-ShareOne/Pods-ShareOne.release.xcconfig"; sourceTree = "<group>"; };
		B90ABDC2A7EA08C5AA70E630 /* libPods-ShareOne.a */ = {isa = PBXFileReference; explicitFileType = archive.ar; includeInIndex = 0; path = "libPods-ShareOne.a"; sourceTree = BUILT_PRODUCTS_DIR; };
		E246EEFEB46DDBE639849ABF /* Pods-ShareOne.debug.xcconfig */ = {isa = PBXFileReference; includeInIndex = 1; lastKnownFileType = text.xcconfig; name = "Pods-ShareOne.debug.xcconfig"; path = "Pods/Target Support Files/Pods-ShareOne/Pods-ShareOne.debug.xcconfig"; sourceTree = "<group>"; };
		F2099F991D9D37D700AAA8AC /* CoreGraphics.framework */ = {isa = PBXFileReference; lastKnownFileType = wrapper.framework; name = CoreGraphics.framework; path = System/Library/Frameworks/CoreGraphics.framework; sourceTree = SDKROOT; };
		F2099FA41D9D3B4C00AAA8AC /* MJPopupBackgroundView.h */ = {isa = PBXFileReference; fileEncoding = 4; lastKnownFileType = sourcecode.c.h; path = MJPopupBackgroundView.h; sourceTree = "<group>"; };
		F2099FA51D9D3B4C00AAA8AC /* MJPopupBackgroundView.m */ = {isa = PBXFileReference; fileEncoding = 4; lastKnownFileType = sourcecode.c.objc; path = MJPopupBackgroundView.m; sourceTree = "<group>"; };
		F2099FA61D9D3B4C00AAA8AC /* UIViewController+MJPopupViewController.h */ = {isa = PBXFileReference; fileEncoding = 4; lastKnownFileType = sourcecode.c.h; path = "UIViewController+MJPopupViewController.h"; sourceTree = "<group>"; };
		F2099FA71D9D3B4C00AAA8AC /* UIViewController+MJPopupViewController.m */ = {isa = PBXFileReference; fileEncoding = 4; lastKnownFileType = sourcecode.c.objc; path = "UIViewController+MJPopupViewController.m"; sourceTree = "<group>"; };
		F2099FAA1D9D3B7D00AAA8AC /* ImageViewPopUpController.h */ = {isa = PBXFileReference; fileEncoding = 4; lastKnownFileType = sourcecode.c.h; path = ImageViewPopUpController.h; sourceTree = "<group>"; };
		F2099FAB1D9D3B7D00AAA8AC /* ImageViewPopUpController.m */ = {isa = PBXFileReference; fileEncoding = 4; lastKnownFileType = sourcecode.c.objc; path = ImageViewPopUpController.m; sourceTree = "<group>"; };
		F20C71F01D92CF940072D405 /* BranchLocationCell.h */ = {isa = PBXFileReference; fileEncoding = 4; lastKnownFileType = sourcecode.c.h; path = BranchLocationCell.h; sourceTree = "<group>"; };
		F20C71F11D92CF940072D405 /* BranchLocationCell.m */ = {isa = PBXFileReference; fileEncoding = 4; lastKnownFileType = sourcecode.c.objc; path = BranchLocationCell.m; sourceTree = "<group>"; };
		F229DB611D9E734300A705A5 /* CameraViewController.h */ = {isa = PBXFileReference; fileEncoding = 4; lastKnownFileType = sourcecode.c.h; path = CameraViewController.h; sourceTree = "<group>"; };
		F229DB621D9E734300A705A5 /* CameraViewController.m */ = {isa = PBXFileReference; fileEncoding = 4; lastKnownFileType = sourcecode.c.objc; path = CameraViewController.m; sourceTree = "<group>"; };
		F229DB631D9E734300A705A5 /* Global.h */ = {isa = PBXFileReference; fileEncoding = 4; lastKnownFileType = sourcecode.c.h; path = Global.h; sourceTree = "<group>"; };
		F229DB641D9E734300A705A5 /* Global.m */ = {isa = PBXFileReference; fileEncoding = 4; lastKnownFileType = sourcecode.c.objc; path = Global.m; sourceTree = "<group>"; };
		F229DB691D9E7D6000A705A5 /* CoreVideo.framework */ = {isa = PBXFileReference; lastKnownFileType = wrapper.framework; name = CoreVideo.framework; path = System/Library/Frameworks/CoreVideo.framework; sourceTree = SDKROOT; };
		F229DB6B1D9E7D6700A705A5 /* OpenGLES.framework */ = {isa = PBXFileReference; lastKnownFileType = wrapper.framework; name = OpenGLES.framework; path = System/Library/Frameworks/OpenGLES.framework; sourceTree = SDKROOT; };
		F229DB6D1D9E7D7B00A705A5 /* CoreMedia.framework */ = {isa = PBXFileReference; lastKnownFileType = wrapper.framework; name = CoreMedia.framework; path = System/Library/Frameworks/CoreMedia.framework; sourceTree = SDKROOT; };
		F229DB6F1D9E7D8100A705A5 /* QuartzCore.framework */ = {isa = PBXFileReference; lastKnownFileType = wrapper.framework; name = QuartzCore.framework; path = System/Library/Frameworks/QuartzCore.framework; sourceTree = SDKROOT; };
		F229DB711D9E7FEC00A705A5 /* Foundation.framework */ = {isa = PBXFileReference; lastKnownFileType = wrapper.framework; name = Foundation.framework; path = System/Library/Frameworks/Foundation.framework; sourceTree = SDKROOT; };
		F229DB731D9E821C00A705A5 /* CameraCropView.h */ = {isa = PBXFileReference; fileEncoding = 4; lastKnownFileType = sourcecode.c.h; path = CameraCropView.h; sourceTree = "<group>"; };
		F229DB741D9E821C00A705A5 /* CameraCropView.m */ = {isa = PBXFileReference; fileEncoding = 4; lastKnownFileType = sourcecode.c.objc; path = CameraCropView.m; sourceTree = "<group>"; };
		F229DB751D9E821C00A705A5 /* CameraGridView.h */ = {isa = PBXFileReference; fileEncoding = 4; lastKnownFileType = sourcecode.c.h; path = CameraGridView.h; sourceTree = "<group>"; };
		F229DB761D9E821C00A705A5 /* CameraGridView.m */ = {isa = PBXFileReference; fileEncoding = 4; lastKnownFileType = sourcecode.c.objc; path = CameraGridView.m; sourceTree = "<group>"; };
		F229DB771D9E821C00A705A5 /* TransparentToolbar.h */ = {isa = PBXFileReference; fileEncoding = 4; lastKnownFileType = sourcecode.c.h; path = TransparentToolbar.h; sourceTree = "<group>"; };
		F229DB781D9E821C00A705A5 /* TransparentToolbar.m */ = {isa = PBXFileReference; fileEncoding = 4; lastKnownFileType = sourcecode.c.objc; path = TransparentToolbar.m; sourceTree = "<group>"; };
		F229DB7C1D9E83FF00A705A5 /* VertifiImageProcessing.h */ = {isa = PBXFileReference; fileEncoding = 4; lastKnownFileType = sourcecode.c.h; path = VertifiImageProcessing.h; sourceTree = "<group>"; };
		F229DB7D1D9E93B200A705A5 /* CameraViewController_iPhone.xib */ = {isa = PBXFileReference; fileEncoding = 4; lastKnownFileType = file.xib; path = CameraViewController_iPhone.xib; sourceTree = "<group>"; };
		F26255411D94171300383B9E /* ATMLocationViewController.h */ = {isa = PBXFileReference; fileEncoding = 4; lastKnownFileType = sourcecode.c.h; path = ATMLocationViewController.h; sourceTree = "<group>"; };
		F26255421D94171300383B9E /* ATMLocationViewController.m */ = {isa = PBXFileReference; fileEncoding = 4; lastKnownFileType = sourcecode.c.objc; path = ATMLocationViewController.m; sourceTree = "<group>"; };
		F2BFF9FA1D9BF6A000D76E0D /* GetDirectionViewController.h */ = {isa = PBXFileReference; fileEncoding = 4; lastKnownFileType = sourcecode.c.h; path = GetDirectionViewController.h; sourceTree = "<group>"; };
		F2BFF9FB1D9BF6A000D76E0D /* GetDirectionViewController.m */ = {isa = PBXFileReference; fileEncoding = 4; lastKnownFileType = sourcecode.c.objc; path = GetDirectionViewController.m; sourceTree = "<group>"; };
		F2BFF9FD1D9BFBA500D76E0D /* LRouteController.h */ = {isa = PBXFileReference; fileEncoding = 4; lastKnownFileType = sourcecode.c.h; path = LRouteController.h; sourceTree = "<group>"; };
		F2BFF9FE1D9BFBA500D76E0D /* LRouteController.m */ = {isa = PBXFileReference; fileEncoding = 4; lastKnownFileType = sourcecode.c.objc; path = LRouteController.m; sourceTree = "<group>"; };
/* End PBXFileReference section */

/* Begin PBXFrameworksBuildPhase section */
		6BD405841D81B59200358036 /* Frameworks */ = {
			isa = PBXFrameworksBuildPhase;
			buildActionMask = 2147483647;
			files = (
				1D4245D01DCA312A00A76E52 /* libVertifiImageProcessing.a in Frameworks */,
				F229DB721D9E7FEC00A705A5 /* Foundation.framework in Frameworks */,
				F229DB701D9E7D8100A705A5 /* QuartzCore.framework in Frameworks */,
				F229DB6E1D9E7D7B00A705A5 /* CoreMedia.framework in Frameworks */,
				F229DB6C1D9E7D6700A705A5 /* OpenGLES.framework in Frameworks */,
				F229DB6A1D9E7D6000A705A5 /* CoreVideo.framework in Frameworks */,
				F2099F9A1D9D37D700AAA8AC /* CoreGraphics.framework in Frameworks */,
				1D4BA8701D9CE98E00395B16 /* LocalAuthentication.framework in Frameworks */,
				1D1AD79F1D9947BD0014C743 /* Security.framework in Frameworks */,
				2A1B38C5F344B79D83DE1BDB /* libPods-ShareOne.a in Frameworks */,
			);
			runOnlyForDeploymentPostprocessing = 0;
		};
/* End PBXFrameworksBuildPhase section */

/* Begin PBXGroup section */
		1D112C071DB4BCAF000435DE /* QuickBalances */ = {
			isa = PBXGroup;
			children = (
				1D112C081DB4BCCE000435DE /* QuickBalances.h */,
				1D112C091DB4BCCE000435DE /* QuickBalances.m */,
				1D112C0B1DB4E6C6000435DE /* SuffixInfo.h */,
				1D112C0C1DB4E6C6000435DE /* SuffixInfo.m */,
			);
			path = QuickBalances;
			sourceTree = "<group>";
		};
		1D1AD7A01D9947CA0014C743 /* ThirdParty */ = {
			isa = PBXGroup;
			children = (
				1D1AD7A11D9947CA0014C743 /* BBAES.h */,
				1D1AD7A21D9947CA0014C743 /* BBAES.m */,
			);
			path = ThirdParty;
			sourceTree = "<group>";
		};
		1D4245D21DCB193700A76E52 /* AdvertismentController */ = {
			isa = PBXGroup;
			children = (
				1D4245D31DCB198400A76E52 /* AdvertisementController.h */,
				1D4245D41DCB198400A76E52 /* AdvertisementController.m */,
			);
			path = AdvertismentController;
			sourceTree = "<group>";
		};
		1D8478EB1D93D68400153B19 /* MobileDepositController */ = {
			isa = PBXGroup;
			children = (
				1D8478EC1D93D6BA00153B19 /* MobileDepositController.h */,
				1D8478ED1D93D6BA00153B19 /* MobileDepositController.m */,
				F2099F921D9D36D700AAA8AC /* ImageZoomPopup */,
			);
			path = MobileDepositController;
			sourceTree = "<group>";
		};
		1DA3B5F71DB794EC00DB5731 /* Locations */ = {
			isa = PBXGroup;
			children = (
				1DA3B5F81DB7950500DB5731 /* Location.h */,
				1DA3B5F91DB7950500DB5731 /* Location.m */,
			);
			path = Locations;
			sourceTree = "<group>";
		};
		1DB927351DBE191E00C08F29 /* LoadingController */ = {
			isa = PBXGroup;
			children = (
				1DB927361DBE193E00C08F29 /* LoadingController.h */,
				1DB927371DBE193E00C08F29 /* LoadingController.m */,
			);
			path = LoadingController;
			sourceTree = "<group>";
		};
		1DB9273C1DBE29A100C08F29 /* LoaderEntity */ = {
			isa = PBXGroup;
			children = (
				1DB9273D1DBE29B800C08F29 /* LoaderServices.h */,
				1DB9273E1DBE29B800C08F29 /* LoaderServices.m */,
			);
			path = LoaderEntity;
			sourceTree = "<group>";
		};
		1DBD4DBC1DB0EE6900943995 /* MemberDevices */ = {
			isa = PBXGroup;
			children = (
				1DBD4DBD1DB0EE7F00943995 /* MemberDevices.h */,
				1DBD4DBE1DB0EE7F00943995 /* MemberDevices.m */,
				1D3D12781DBF353500719170 /* DeviceAuth.h */,
				1D3D12791DBF353500719170 /* DeviceAuth.m */,
			);
			path = MemberDevices;
			sourceTree = "<group>";
		};
		1DDC9E5B1D910BC30049DAD4 /* Delegates */ = {
			isa = PBXGroup;
			children = (
				1DDC9E5C1D910BE70049DAD4 /* HomeNavigationDelegate.h */,
			);
			path = Delegates;
			sourceTree = "<group>";
		};
		1DEBD7681D93F56E00277DF6 /* PayPersonController */ = {
			isa = PBXGroup;
			children = (
				1DEBD7691D93F58600277DF6 /* PayPersonController.h */,
				1DEBD76A1D93F58600277DF6 /* PayPersonController.m */,
			);
			path = PayPersonController;
			sourceTree = "<group>";
		};
		1DF6081C1DAB995500FF85E2 /* CashDepositEntity */ = {
			isa = PBXGroup;
			children = (
				1DF6081D1DAB997900FF85E2 /* CashDeposit.h */,
				1DF6081E1DAB997900FF85E2 /* CashDeposit.m */,
			);
			path = CashDepositEntity;
			sourceTree = "<group>";
		};
		6BD4057E1D81B59200358036 = {
			isa = PBXGroup;
			children = (
				6BD405891D81B59200358036 /* ShareOne */,
				6BD405881D81B59200358036 /* Products */,
				DCE61F0EA6E37C18C6765C07 /* Pods */,
				88BB98E136A282A5D9BC05EA /* Frameworks */,
			);
			sourceTree = "<group>";
		};
		6BD405881D81B59200358036 /* Products */ = {
			isa = PBXGroup;
			children = (
				6BD405871D81B59200358036 /* ShareOne.app */,
			);
			name = Products;
			sourceTree = "<group>";
		};
		6BD405891D81B59200358036 /* ShareOne */ = {
			isa = PBXGroup;
			children = (
				F229DB601D9E730000A705A5 /* ReuseableComponents */,
				1D1AD7A01D9947CA0014C743 /* ThirdParty */,
				1DDC9E5B1D910BC30049DAD4 /* Delegates */,
				6BD405A11D81B5FC00358036 /* Cells */,
				6BD405A21D81B5FC00358036 /* Constants */,
				6BD405A31D81B5FC00358036 /* Controllers */,
				6BD405A61D81B5FC00358036 /* Entity */,
				6BD405A71D81B5FC00358036 /* Model */,
				6BD405AC1D81B5FC00358036 /* Utility */,
				6BD405AD1D81B5FC00358036 /* Validation */,
				6BD405AE1D81B5FC00358036 /* Views */,
				6BD4058D1D81B59300358036 /* AppDelegate.h */,
				6BD4058E1D81B59300358036 /* AppDelegate.m */,
				6BD405931D81B59300358036 /* Main.storyboard */,
				6BD405961D81B59300358036 /* Assets.xcassets */,
				6BD405981D81B59300358036 /* LaunchScreen.storyboard */,
				6BD4059B1D81B59300358036 /* Info.plist */,
				6BD4058A1D81B59200358036 /* Supporting Files */,
			);
			path = ShareOne;
			sourceTree = "<group>";
		};
		6BD4058A1D81B59200358036 /* Supporting Files */ = {
			isa = PBXGroup;
			children = (
				6BD4058B1D81B59200358036 /* main.m */,
				6BD433DA1D8C09C30067515A /* SlideMenu.plist */,
			);
			name = "Supporting Files";
			sourceTree = "<group>";
		};
		6BD405A11D81B5FC00358036 /* Cells */ = {
			isa = PBXGroup;
			children = (
				1D2399991D9135B000157320 /* AccordionHeaderView.h */,
				1D23999A1D9135B000157320 /* AccordionHeaderView.m */,
				1D23999B1D9135B000157320 /* AccordionHeaderView.xib */,
				1DBD4DC01DB1053200943995 /* QBFooterView.h */,
				1DBD4DC11DB1053200943995 /* QBFooterView.m */,
				1DBD4DC31DB105BC00943995 /* QBFooterView.xib */,
				1D2399A11D9169CF00157320 /* SideMenuCell.h */,
				1D2399A21D9169CF00157320 /* SideMenuCell.m */,
				1D8478E41D92949400153B19 /* QBHeaderCell.h */,
				1D8478E51D92949400153B19 /* QBHeaderCell.m */,
				1D8478E71D9294EC00153B19 /* QBDetailsCell.h */,
				1D8478E81D9294EC00153B19 /* QBDetailsCell.m */,
				F20C71F01D92CF940072D405 /* BranchLocationCell.h */,
				F20C71F11D92CF940072D405 /* BranchLocationCell.m */,
			);
			path = Cells;
			sourceTree = "<group>";
		};
		6BD405A21D81B5FC00358036 /* Constants */ = {
			isa = PBXGroup;
			children = (
				6BD405BD1D82B09700358036 /* ConstantsShareOne.h */,
				6BD405BE1D82B09700358036 /* Services.h */,
				6BD405BF1D82B09700358036 /* SignInModuleConstants.h */,
			);
			path = Constants;
			sourceTree = "<group>";
		};
		6BD405A31D81B5FC00358036 /* Controllers */ = {
			isa = PBXGroup;
			children = (
				6BD405A41D81B5FC00358036 /* BaseViewController */,
				6BD405A51D81B5FC00358036 /* MenuViewController */,
			);
			path = Controllers;
			sourceTree = "<group>";
		};
		6BD405A41D81B5FC00358036 /* BaseViewController */ = {
			isa = PBXGroup;
			children = (
				6BD405B41D829FAA00358036 /* BaseViewController.h */,
				6BD405B51D829FAA00358036 /* BaseViewController.m */,
				1D956DC71DA3AFE2007F6D11 /* CustomNavController.h */,
				1D956DC81DA3AFE2007F6D11 /* CustomNavController.m */,
			);
			path = BaseViewController;
			sourceTree = "<group>";
		};
		6BD405A51D81B5FC00358036 /* MenuViewController */ = {
			isa = PBXGroup;
			children = (
				1D4245D21DCB193700A76E52 /* AdvertismentController */,
				1DB927351DBE191E00C08F29 /* LoadingController */,
				1DEBD7681D93F56E00277DF6 /* PayPersonController */,
				1D8478EB1D93D68400153B19 /* MobileDepositController */,
				F26255401D9416F400383B9E /* ATMLocationViewController */,
				6BD405F31D8307C800358036 /* WebViewController */,
				6BD405CD1D83068D00358036 /* BranchLocationViewController */,
				6BD405CE1D83068D00358036 /* LoginViewController */,
				6BD405CF1D83068D00358036 /* QuickBalancesViewController */,
				6BD405D01D83068D00358036 /* SendMoneyViewController */,
				6BD405D11D83068D00358036 /* SettingsViewController */,
				6BD405D21D83068D00358036 /* SocialMediaViewController */,
				6BD405D31D83068D00358036 /* SplashViewController */,
				6BD405D41D83068D00358036 /* SurchargeAtmsViewController */,
				6BD405B31D829EBA00358036 /* HomeViewController */,
				6BD405AF1D81B91E00358036 /* SlideMenuViewController */,
			);
			path = MenuViewController;
			sourceTree = "<group>";
		};
		6BD405A61D81B5FC00358036 /* Entity */ = {
			isa = PBXGroup;
			children = (
				1DB9273C1DBE29A100C08F29 /* LoaderEntity */,
				1DA3B5F71DB794EC00DB5731 /* Locations */,
				1D112C071DB4BCAF000435DE /* QuickBalances */,
				1DBD4DBC1DB0EE6900943995 /* MemberDevices */,
				1DF6081C1DAB995500FF85E2 /* CashDepositEntity */,
				6BD405C91D82CA7200358036 /* UserEntity */,
			);
			path = Entity;
			sourceTree = "<group>";
		};
		6BD405A71D81B5FC00358036 /* Model */ = {
			isa = PBXGroup;
			children = (
				6BD405A81D81B5FC00358036 /* ServiceModel */,
				6BD405A91D81B5FC00358036 /* SignInModel */,
			);
			path = Model;
			sourceTree = "<group>";
		};
		6BD405A81D81B5FC00358036 /* ServiceModel */ = {
			isa = PBXGroup;
			children = (
				6BD405C01D82C93700358036 /* AppServiceModel.h */,
				6BD405C11D82C93700358036 /* AppServiceModel.m */,
				1DB927391DBE267900C08F29 /* HTTPRequestOperation.h */,
				1DB9273A1DBE267900C08F29 /* HTTPRequestOperation.m */,
			);
			path = ServiceModel;
			sourceTree = "<group>";
		};
		6BD405A91D81B5FC00358036 /* SignInModel */ = {
			isa = PBXGroup;
			children = (
				6BD405C31D82C94300358036 /* SignInModel.h */,
				6BD405C41D82C94300358036 /* SignInModel.m */,
			);
			path = SignInModel;
			sourceTree = "<group>";
		};
		6BD405AC1D81B5FC00358036 /* Utility */ = {
			isa = PBXGroup;
			children = (
				F2099FA31D9D3B2C00AAA8AC /* MJpopupView */,
				6BD405C61D82CA2F00358036 /* UtilitiesHelper.h */,
				6BD405C71D82CA2F00358036 /* UtilitiesHelper.m */,
				1D23999E1D913C8C00157320 /* ShareOneUtility.h */,
				1D23999F1D913C8C00157320 /* ShareOneUtility.m */,
				1D1415471DA4D3710048F8B1 /* SharedUser.h */,
				1D1415481DA4D3710048F8B1 /* SharedUser.m */,
			);
			path = Utility;
			sourceTree = "<group>";
		};
		6BD405AD1D81B5FC00358036 /* Validation */ = {
			isa = PBXGroup;
			children = (
				6BD405BA1D82B08900358036 /* Validation.h */,
				6BD405BB1D82B08900358036 /* Validation.m */,
			);
			path = Validation;
			sourceTree = "<group>";
		};
		6BD405AE1D81B5FC00358036 /* Views */ = {
			isa = PBXGroup;
			children = (
			);
			path = Views;
			sourceTree = "<group>";
		};
		6BD405AF1D81B91E00358036 /* SlideMenuViewController */ = {
			isa = PBXGroup;
			children = (
				6BD405B01D81B92E00358036 /* LeftMenuViewController.h */,
				6BD405B11D81B92E00358036 /* LeftMenuViewController.m */,
			);
			path = SlideMenuViewController;
			sourceTree = "<group>";
		};
		6BD405B31D829EBA00358036 /* HomeViewController */ = {
			isa = PBXGroup;
			children = (
				6BD405F01D83079100358036 /* HomeViewController.h */,
				6BD405F11D83079100358036 /* HomeViewController.m */,
			);
			path = HomeViewController;
			sourceTree = "<group>";
		};
		6BD405C91D82CA7200358036 /* UserEntity */ = {
			isa = PBXGroup;
			children = (
				6BD405CA1D82CA7200358036 /* User.h */,
				6BD405CB1D82CA7200358036 /* User.m */,
			);
			path = UserEntity;
			sourceTree = "<group>";
		};
		6BD405CD1D83068D00358036 /* BranchLocationViewController */ = {
			isa = PBXGroup;
			children = (
				6BD405D51D8306AC00358036 /* BranchLocationViewController.h */,
				6BD405D61D8306AC00358036 /* BranchLocationViewController.m */,
				F25B15861D9BCCAE003E5E6C /* GetDirectionView */,
			);
			path = BranchLocationViewController;
			sourceTree = "<group>";
		};
		6BD405CE1D83068D00358036 /* LoginViewController */ = {
			isa = PBXGroup;
			children = (
				6BD405D81D8306C800358036 /* LoginViewController.h */,
				6BD405D91D8306C800358036 /* LoginViewController.m */,
				6BD405DB1D8306D900358036 /* ForgotPasswordViewController.h */,
				6BD405DC1D8306D900358036 /* ForgotPasswordViewController.m */,
			);
			path = LoginViewController;
			sourceTree = "<group>";
		};
		6BD405CF1D83068D00358036 /* QuickBalancesViewController */ = {
			isa = PBXGroup;
			children = (
				6BD405DE1D8306EC00358036 /* QuickBalancesViewController.h */,
				6BD405DF1D8306EC00358036 /* QuickBalancesViewController.m */,
			);
			path = QuickBalancesViewController;
			sourceTree = "<group>";
		};
		6BD405D01D83068D00358036 /* SendMoneyViewController */ = {
			isa = PBXGroup;
			children = (
				6BD405E11D83070B00358036 /* SendMoneyViewController.h */,
				6BD405E21D83070B00358036 /* SendMoneyViewController.m */,
			);
			path = SendMoneyViewController;
			sourceTree = "<group>";
		};
		6BD405D11D83068D00358036 /* SettingsViewController */ = {
			isa = PBXGroup;
			children = (
				6BD405E41D83071D00358036 /* SettingsViewController.h */,
				6BD405E51D83071D00358036 /* SettingsViewController.m */,
			);
			path = SettingsViewController;
			sourceTree = "<group>";
		};
		6BD405D21D83068D00358036 /* SocialMediaViewController */ = {
			isa = PBXGroup;
			children = (
				6BD405E71D83073700358036 /* SocialMediaViewController.h */,
				6BD405E81D83073700358036 /* SocialMediaViewController.m */,
			);
			path = SocialMediaViewController;
			sourceTree = "<group>";
		};
		6BD405D31D83068D00358036 /* SplashViewController */ = {
			isa = PBXGroup;
			children = (
				6BD405EA1D83074600358036 /* SplashViewController.h */,
				6BD405EB1D83074600358036 /* SplashViewController.m */,
			);
			path = SplashViewController;
			sourceTree = "<group>";
		};
		6BD405D41D83068D00358036 /* SurchargeAtmsViewController */ = {
			isa = PBXGroup;
			children = (
				6BD405ED1D83077D00358036 /* SurchargeAtmsViewController.h */,
				6BD405EE1D83077D00358036 /* SurchargeAtmsViewController.m */,
			);
			path = SurchargeAtmsViewController;
			sourceTree = "<group>";
		};
		6BD405F31D8307C800358036 /* WebViewController */ = {
			isa = PBXGroup;
			children = (
				6BD405F41D8307DF00358036 /* WebViewController.h */,
				6BD405F51D8307DF00358036 /* WebViewController.m */,
			);
			path = WebViewController;
			sourceTree = "<group>";
		};
		88BB98E136A282A5D9BC05EA /* Frameworks */ = {
			isa = PBXGroup;
			children = (
				1D4245CF1DCA312A00A76E52 /* libVertifiImageProcessing.a */,
				F229DB711D9E7FEC00A705A5 /* Foundation.framework */,
				F229DB6F1D9E7D8100A705A5 /* QuartzCore.framework */,
				F229DB6D1D9E7D7B00A705A5 /* CoreMedia.framework */,
				F229DB6B1D9E7D6700A705A5 /* OpenGLES.framework */,
				F229DB691D9E7D6000A705A5 /* CoreVideo.framework */,
				F2099F991D9D37D700AAA8AC /* CoreGraphics.framework */,
				1D4BA86F1D9CE98E00395B16 /* LocalAuthentication.framework */,
				1D1AD79E1D9947BD0014C743 /* Security.framework */,
				B90ABDC2A7EA08C5AA70E630 /* libPods-ShareOne.a */,
			);
			name = Frameworks;
			sourceTree = "<group>";
		};
		DCE61F0EA6E37C18C6765C07 /* Pods */ = {
			isa = PBXGroup;
			children = (
				E246EEFEB46DDBE639849ABF /* Pods-ShareOne.debug.xcconfig */,
				814EAC4D7022C3B362F8BA3F /* Pods-ShareOne.release.xcconfig */,
			);
			name = Pods;
			sourceTree = "<group>";
		};
		F2099F921D9D36D700AAA8AC /* ImageZoomPopup */ = {
			isa = PBXGroup;
			children = (
				F2099FAA1D9D3B7D00AAA8AC /* ImageViewPopUpController.h */,
				F2099FAB1D9D3B7D00AAA8AC /* ImageViewPopUpController.m */,
			);
			path = ImageZoomPopup;
			sourceTree = "<group>";
		};
		F2099FA31D9D3B2C00AAA8AC /* MJpopupView */ = {
			isa = PBXGroup;
			children = (
				F2099FA41D9D3B4C00AAA8AC /* MJPopupBackgroundView.h */,
				F2099FA51D9D3B4C00AAA8AC /* MJPopupBackgroundView.m */,
				F2099FA61D9D3B4C00AAA8AC /* UIViewController+MJPopupViewController.h */,
				F2099FA71D9D3B4C00AAA8AC /* UIViewController+MJPopupViewController.m */,
			);
			path = MJpopupView;
			sourceTree = "<group>";
		};
		F229DB601D9E730000A705A5 /* ReuseableComponents */ = {
			isa = PBXGroup;
			children = (
				F229DB611D9E734300A705A5 /* CameraViewController.h */,
				F229DB621D9E734300A705A5 /* CameraViewController.m */,
				F229DB7D1D9E93B200A705A5 /* CameraViewController_iPhone.xib */,
				F229DB631D9E734300A705A5 /* Global.h */,
				F229DB641D9E734300A705A5 /* Global.m */,
				F229DB731D9E821C00A705A5 /* CameraCropView.h */,
				F229DB741D9E821C00A705A5 /* CameraCropView.m */,
				F229DB751D9E821C00A705A5 /* CameraGridView.h */,
				F229DB761D9E821C00A705A5 /* CameraGridView.m */,
				F229DB771D9E821C00A705A5 /* TransparentToolbar.h */,
				F229DB781D9E821C00A705A5 /* TransparentToolbar.m */,
				F229DB7C1D9E83FF00A705A5 /* VertifiImageProcessing.h */,
			);
			path = ReuseableComponents;
			sourceTree = "<group>";
		};
		F25B15861D9BCCAE003E5E6C /* GetDirectionView */ = {
			isa = PBXGroup;
			children = (
				F2BFF9FA1D9BF6A000D76E0D /* GetDirectionViewController.h */,
				F2BFF9FB1D9BF6A000D76E0D /* GetDirectionViewController.m */,
				F2BFF9FD1D9BFBA500D76E0D /* LRouteController.h */,
				F2BFF9FE1D9BFBA500D76E0D /* LRouteController.m */,
			);
			path = GetDirectionView;
			sourceTree = "<group>";
		};
		F26255401D9416F400383B9E /* ATMLocationViewController */ = {
			isa = PBXGroup;
			children = (
				F26255411D94171300383B9E /* ATMLocationViewController.h */,
				F26255421D94171300383B9E /* ATMLocationViewController.m */,
			);
			path = ATMLocationViewController;
			sourceTree = "<group>";
		};
/* End PBXGroup section */

/* Begin PBXNativeTarget section */
		6BD405861D81B59200358036 /* ShareOne */ = {
			isa = PBXNativeTarget;
			buildConfigurationList = 6BD4059E1D81B59300358036 /* Build configuration list for PBXNativeTarget "ShareOne" */;
			buildPhases = (
				AB9E1443137F2B82276F3EAF /* [CP] Check Pods Manifest.lock */,
				6BD405831D81B59200358036 /* Sources */,
				6BD405841D81B59200358036 /* Frameworks */,
				6BD405851D81B59200358036 /* Resources */,
				834F6DE2AAE547ADFA1D690D /* [CP] Embed Pods Frameworks */,
				85AF07800BA45A56C7FF9023 /* [CP] Copy Pods Resources */,
			);
			buildRules = (
			);
			dependencies = (
			);
			name = ShareOne;
			productName = ShareOne;
			productReference = 6BD405871D81B59200358036 /* ShareOne.app */;
			productType = "com.apple.product-type.application";
		};
/* End PBXNativeTarget section */

/* Begin PBXProject section */
		6BD4057F1D81B59200358036 /* Project object */ = {
			isa = PBXProject;
			attributes = {
				LastUpgradeCheck = 0730;
				ORGANIZATIONNAME = "Ali Akbar";
				TargetAttributes = {
					6BD405861D81B59200358036 = {
						CreatedOnToolsVersion = 7.3;
						DevelopmentTeam = G3487YQ6F8;
					};
				};
			};
			buildConfigurationList = 6BD405821D81B59200358036 /* Build configuration list for PBXProject "ShareOne" */;
			compatibilityVersion = "Xcode 3.2";
			developmentRegion = English;
			hasScannedForEncodings = 0;
			knownRegions = (
				en,
				Base,
			);
			mainGroup = 6BD4057E1D81B59200358036;
			productRefGroup = 6BD405881D81B59200358036 /* Products */;
			projectDirPath = "";
			projectRoot = "";
			targets = (
				6BD405861D81B59200358036 /* ShareOne */,
			);
		};
/* End PBXProject section */

/* Begin PBXResourcesBuildPhase section */
		6BD405851D81B59200358036 /* Resources */ = {
			isa = PBXResourcesBuildPhase;
			buildActionMask = 2147483647;
			files = (
				1DBD4DC41DB105BC00943995 /* QBFooterView.xib in Resources */,
				6BD4059A1D81B59300358036 /* LaunchScreen.storyboard in Resources */,
				6BD405971D81B59300358036 /* Assets.xcassets in Resources */,
				1D23999D1D9135B000157320 /* AccordionHeaderView.xib in Resources */,
				6BD405951D81B59300358036 /* Main.storyboard in Resources */,
				F229DB7E1D9E93B200A705A5 /* CameraViewController_iPhone.xib in Resources */,
				6BD433DB1D8C09C30067515A /* SlideMenu.plist in Resources */,
			);
			runOnlyForDeploymentPostprocessing = 0;
		};
/* End PBXResourcesBuildPhase section */

/* Begin PBXShellScriptBuildPhase section */
		834F6DE2AAE547ADFA1D690D /* [CP] Embed Pods Frameworks */ = {
			isa = PBXShellScriptBuildPhase;
			buildActionMask = 2147483647;
			files = (
			);
			inputPaths = (
			);
			name = "[CP] Embed Pods Frameworks";
			outputPaths = (
			);
			runOnlyForDeploymentPostprocessing = 0;
			shellPath = /bin/sh;
			shellScript = "\"${SRCROOT}/Pods/Target Support Files/Pods-ShareOne/Pods-ShareOne-frameworks.sh\"\n";
			showEnvVarsInLog = 0;
		};
		85AF07800BA45A56C7FF9023 /* [CP] Copy Pods Resources */ = {
			isa = PBXShellScriptBuildPhase;
			buildActionMask = 2147483647;
			files = (
			);
			inputPaths = (
			);
			name = "[CP] Copy Pods Resources";
			outputPaths = (
			);
			runOnlyForDeploymentPostprocessing = 0;
			shellPath = /bin/sh;
			shellScript = "\"${SRCROOT}/Pods/Target Support Files/Pods-ShareOne/Pods-ShareOne-resources.sh\"\n";
			showEnvVarsInLog = 0;
		};
		AB9E1443137F2B82276F3EAF /* [CP] Check Pods Manifest.lock */ = {
			isa = PBXShellScriptBuildPhase;
			buildActionMask = 2147483647;
			files = (
			);
			inputPaths = (
			);
			name = "[CP] Check Pods Manifest.lock";
			outputPaths = (
			);
			runOnlyForDeploymentPostprocessing = 0;
			shellPath = /bin/sh;
			shellScript = "diff \"${PODS_ROOT}/../Podfile.lock\" \"${PODS_ROOT}/Manifest.lock\" > /dev/null\nif [[ $? != 0 ]] ; then\n    cat << EOM\nerror: The sandbox is not in sync with the Podfile.lock. Run 'pod install' or update your CocoaPods installation.\nEOM\n    exit 1\nfi\n";
			showEnvVarsInLog = 0;
		};
/* End PBXShellScriptBuildPhase section */

/* Begin PBXSourcesBuildPhase section */
		6BD405831D81B59200358036 /* Sources */ = {
			isa = PBXSourcesBuildPhase;
			buildActionMask = 2147483647;
			files = (
				6BD405E91D83073700358036 /* SocialMediaViewController.m in Sources */,
				F229DB791D9E821C00A705A5 /* CameraCropView.m in Sources */,
				6BD405EC1D83074600358036 /* SplashViewController.m in Sources */,
				1D8478EE1D93D6BA00153B19 /* MobileDepositController.m in Sources */,
				1DB9273F1DBE29B800C08F29 /* LoaderServices.m in Sources */,
				F2099FA91D9D3B4C00AAA8AC /* UIViewController+MJPopupViewController.m in Sources */,
				1D112C0D1DB4E6C6000435DE /* SuffixInfo.m in Sources */,
				6BD405DD1D8306D900358036 /* ForgotPasswordViewController.m in Sources */,
				6BD405C81D82CA2F00358036 /* UtilitiesHelper.m in Sources */,
				F2099FA81D9D3B4C00AAA8AC /* MJPopupBackgroundView.m in Sources */,
				F2BFF9FC1D9BF6A000D76E0D /* GetDirectionViewController.m in Sources */,
				6BD405BC1D82B08900358036 /* Validation.m in Sources */,
				1D8478E91D9294EC00153B19 /* QBDetailsCell.m in Sources */,
				F20C71F21D92CF940072D405 /* BranchLocationCell.m in Sources */,
				6BD405CC1D82CA7200358036 /* User.m in Sources */,
				1D1AD7A31D9947CA0014C743 /* BBAES.m in Sources */,
				6BD405D71D8306AC00358036 /* BranchLocationViewController.m in Sources */,
				F2BFF9FF1D9BFBA500D76E0D /* LRouteController.m in Sources */,
				6BD405E31D83070B00358036 /* SendMoneyViewController.m in Sources */,
				6BD405EF1D83077D00358036 /* SurchargeAtmsViewController.m in Sources */,
				6BD405C51D82C94300358036 /* SignInModel.m in Sources */,
				1D3D127A1DBF353500719170 /* DeviceAuth.m in Sources */,
				6BD4058F1D81B59300358036 /* AppDelegate.m in Sources */,
				6BD405F61D8307DF00358036 /* WebViewController.m in Sources */,
				6BD405B61D829FAA00358036 /* BaseViewController.m in Sources */,
				1D2399A01D913C8C00157320 /* ShareOneUtility.m in Sources */,
				1DF6081F1DAB997900FF85E2 /* CashDeposit.m in Sources */,
				F2099FAD1D9D3B7D00AAA8AC /* ImageViewPopUpController.m in Sources */,
				1DEBD76B1D93F58600277DF6 /* PayPersonController.m in Sources */,
				1DBD4DC21DB1053200943995 /* QBFooterView.m in Sources */,
				6BD405C21D82C93700358036 /* AppServiceModel.m in Sources */,
				1D2399A31D9169CF00157320 /* SideMenuCell.m in Sources */,
				6BD405B21D81B92E00358036 /* LeftMenuViewController.m in Sources */,
				F26255431D94171300383B9E /* ATMLocationViewController.m in Sources */,
				1DB927381DBE193E00C08F29 /* LoadingController.m in Sources */,
				6BD405DA1D8306C800358036 /* LoginViewController.m in Sources */,
				6BD405E61D83071D00358036 /* SettingsViewController.m in Sources */,
				F229DB661D9E734300A705A5 /* Global.m in Sources */,
				1D23999C1D9135B000157320 /* AccordionHeaderView.m in Sources */,
				6BD405E01D8306EC00358036 /* QuickBalancesViewController.m in Sources */,
				1D8478E61D92949400153B19 /* QBHeaderCell.m in Sources */,
				1D1415491DA4D3710048F8B1 /* SharedUser.m in Sources */,
				F229DB7A1D9E821C00A705A5 /* CameraGridView.m in Sources */,
				F229DB7B1D9E821C00A705A5 /* TransparentToolbar.m in Sources */,
				F229DB651D9E734300A705A5 /* CameraViewController.m in Sources */,
				6BD405F21D83079100358036 /* HomeViewController.m in Sources */,
				1D112C0A1DB4BCCE000435DE /* QuickBalances.m in Sources */,
				1D4245D51DCB198400A76E52 /* AdvertisementController.m in Sources */,
				1DBD4DBF1DB0EE7F00943995 /* MemberDevices.m in Sources */,
				1D956DC91DA3AFE2007F6D11 /* CustomNavController.m in Sources */,
				1DA3B5FA1DB7950500DB5731 /* Location.m in Sources */,
				6BD4058C1D81B59200358036 /* main.m in Sources */,
				1DB9273B1DBE267900C08F29 /* HTTPRequestOperation.m in Sources */,
			);
			runOnlyForDeploymentPostprocessing = 0;
		};
/* End PBXSourcesBuildPhase section */

/* Begin PBXVariantGroup section */
		6BD405931D81B59300358036 /* Main.storyboard */ = {
			isa = PBXVariantGroup;
			children = (
				6BD405941D81B59300358036 /* Base */,
			);
			name = Main.storyboard;
			sourceTree = "<group>";
		};
		6BD405981D81B59300358036 /* LaunchScreen.storyboard */ = {
			isa = PBXVariantGroup;
			children = (
				6BD405991D81B59300358036 /* Base */,
			);
			name = LaunchScreen.storyboard;
			sourceTree = "<group>";
		};
/* End PBXVariantGroup section */

/* Begin XCBuildConfiguration section */
		6BD4059C1D81B59300358036 /* Debug */ = {
			isa = XCBuildConfiguration;
			buildSettings = {
				ALWAYS_SEARCH_USER_PATHS = NO;
				CLANG_ANALYZER_NONNULL = YES;
				CLANG_CXX_LANGUAGE_STANDARD = "gnu++0x";
				CLANG_CXX_LIBRARY = "libc++";
				CLANG_ENABLE_MODULES = YES;
				CLANG_ENABLE_OBJC_ARC = YES;
				CLANG_WARN_BOOL_CONVERSION = YES;
				CLANG_WARN_CONSTANT_CONVERSION = YES;
				CLANG_WARN_DIRECT_OBJC_ISA_USAGE = YES_ERROR;
				CLANG_WARN_EMPTY_BODY = YES;
				CLANG_WARN_ENUM_CONVERSION = YES;
				CLANG_WARN_INT_CONVERSION = YES;
				CLANG_WARN_OBJC_ROOT_CLASS = YES_ERROR;
				CLANG_WARN_UNREACHABLE_CODE = YES;
				CLANG_WARN__DUPLICATE_METHOD_MATCH = YES;
				CODE_SIGN_IDENTITY = "iPhone Developer: Scott Bush (2H6BQMZMLD)";
				"CODE_SIGN_IDENTITY[sdk=iphoneos*]" = "iPhone Developer: Scott Bush (2H6BQMZMLD)";
				COPY_PHASE_STRIP = NO;
				DEBUG_INFORMATION_FORMAT = dwarf;
				ENABLE_STRICT_OBJC_MSGSEND = YES;
				ENABLE_TESTABILITY = YES;
				GCC_C_LANGUAGE_STANDARD = gnu99;
				GCC_DYNAMIC_NO_PIC = NO;
				GCC_NO_COMMON_BLOCKS = YES;
				GCC_OPTIMIZATION_LEVEL = 0;
				GCC_PREPROCESSOR_DEFINITIONS = (
					"DEBUG=1",
					"$(inherited)",
				);
				GCC_WARN_64_TO_32_BIT_CONVERSION = YES;
				GCC_WARN_ABOUT_RETURN_TYPE = YES_ERROR;
				GCC_WARN_UNDECLARED_SELECTOR = YES;
				GCC_WARN_UNINITIALIZED_AUTOS = YES_AGGRESSIVE;
				GCC_WARN_UNUSED_FUNCTION = YES;
				GCC_WARN_UNUSED_VARIABLE = YES;
				IPHONEOS_DEPLOYMENT_TARGET = 8.0;
				MTL_ENABLE_DEBUG_INFO = YES;
				ONLY_ACTIVE_ARCH = YES;
				PROVISIONING_PROFILE = "e5ba13e1-879a-40d4-9d16-537b5cad11d6";
				SDKROOT = iphoneos;
				TARGETED_DEVICE_FAMILY = "1,2";
			};
			name = Debug;
		};
		6BD4059D1D81B59300358036 /* Release */ = {
			isa = XCBuildConfiguration;
			buildSettings = {
				ALWAYS_SEARCH_USER_PATHS = NO;
				CLANG_ANALYZER_NONNULL = YES;
				CLANG_CXX_LANGUAGE_STANDARD = "gnu++0x";
				CLANG_CXX_LIBRARY = "libc++";
				CLANG_ENABLE_MODULES = YES;
				CLANG_ENABLE_OBJC_ARC = YES;
				CLANG_WARN_BOOL_CONVERSION = YES;
				CLANG_WARN_CONSTANT_CONVERSION = YES;
				CLANG_WARN_DIRECT_OBJC_ISA_USAGE = YES_ERROR;
				CLANG_WARN_EMPTY_BODY = YES;
				CLANG_WARN_ENUM_CONVERSION = YES;
				CLANG_WARN_INT_CONVERSION = YES;
				CLANG_WARN_OBJC_ROOT_CLASS = YES_ERROR;
				CLANG_WARN_UNREACHABLE_CODE = YES;
				CLANG_WARN__DUPLICATE_METHOD_MATCH = YES;
				CODE_SIGN_IDENTITY = "iPhone Developer: Scott Bush (2H6BQMZMLD)";
				"CODE_SIGN_IDENTITY[sdk=iphoneos*]" = "iPhone Developer: Scott Bush (2H6BQMZMLD)";
				COPY_PHASE_STRIP = NO;
				DEBUG_INFORMATION_FORMAT = "dwarf-with-dsym";
				ENABLE_NS_ASSERTIONS = NO;
				ENABLE_STRICT_OBJC_MSGSEND = YES;
				GCC_C_LANGUAGE_STANDARD = gnu99;
				GCC_NO_COMMON_BLOCKS = YES;
				GCC_WARN_64_TO_32_BIT_CONVERSION = YES;
				GCC_WARN_ABOUT_RETURN_TYPE = YES_ERROR;
				GCC_WARN_UNDECLARED_SELECTOR = YES;
				GCC_WARN_UNINITIALIZED_AUTOS = YES_AGGRESSIVE;
				GCC_WARN_UNUSED_FUNCTION = YES;
				GCC_WARN_UNUSED_VARIABLE = YES;
				IPHONEOS_DEPLOYMENT_TARGET = 8.0;
				MTL_ENABLE_DEBUG_INFO = NO;
				PROVISIONING_PROFILE = "e5ba13e1-879a-40d4-9d16-537b5cad11d6";
				SDKROOT = iphoneos;
				TARGETED_DEVICE_FAMILY = "1,2";
				VALIDATE_PRODUCT = YES;
			};
			name = Release;
		};
		6BD4059F1D81B59300358036 /* Debug */ = {
			isa = XCBuildConfiguration;
			baseConfigurationReference = E246EEFEB46DDBE639849ABF /* Pods-ShareOne.debug.xcconfig */;
			buildSettings = {
				ASSETCATALOG_COMPILER_APPICON_NAME = AppIcon;
				CODE_SIGN_IDENTITY = "iPhone Developer";
				"CODE_SIGN_IDENTITY[sdk=iphoneos*]" = "iPhone Developer: Scott Bush (2H6BQMZMLD)";
				ENABLE_BITCODE = NO;
				INFOPLIST_FILE = ShareOne/Info.plist;
				IPHONEOS_DEPLOYMENT_TARGET = 8.0;
				LD_RUNPATH_SEARCH_PATHS = "$(inherited) @executable_path/Frameworks";
				LIBRARY_SEARCH_PATHS = (
					"$(inherited)",
					"$(PROJECT_DIR)",
					"$(PROJECT_DIR)/ShareOne/ReuseableComponents",
				);
				PRODUCT_BUNDLE_IDENTIFIER = com.shareone.ios;
				PRODUCT_NAME = "$(TARGET_NAME)";
				PROVISIONING_PROFILE = "e5ba13e1-879a-40d4-9d16-537b5cad11d6";
			};
			name = Debug;
		};
		6BD405A01D81B59300358036 /* Release */ = {
			isa = XCBuildConfiguration;
			baseConfigurationReference = 814EAC4D7022C3B362F8BA3F /* Pods-ShareOne.release.xcconfig */;
			buildSettings = {
				ASSETCATALOG_COMPILER_APPICON_NAME = AppIcon;
				CODE_SIGN_IDENTITY = "iPhone Developer";
				"CODE_SIGN_IDENTITY[sdk=iphoneos*]" = "iPhone Developer: Scott Bush (2H6BQMZMLD)";
				ENABLE_BITCODE = NO;
				INFOPLIST_FILE = ShareOne/Info.plist;
				IPHONEOS_DEPLOYMENT_TARGET = 8.0;
				LD_RUNPATH_SEARCH_PATHS = "$(inherited) @executable_path/Frameworks";
				LIBRARY_SEARCH_PATHS = (
					"$(inherited)",
					"$(PROJECT_DIR)",
					"$(PROJECT_DIR)/ShareOne/ReuseableComponents",
				);
				PRODUCT_BUNDLE_IDENTIFIER = com.shareone.ios;
				PRODUCT_NAME = "$(TARGET_NAME)";
				PROVISIONING_PROFILE = "e5ba13e1-879a-40d4-9d16-537b5cad11d6";
			};
			name = Release;
		};
/* End XCBuildConfiguration section */

/* Begin XCConfigurationList section */
		6BD405821D81B59200358036 /* Build configuration list for PBXProject "ShareOne" */ = {
			isa = XCConfigurationList;
			buildConfigurations = (
				6BD4059C1D81B59300358036 /* Debug */,
				6BD4059D1D81B59300358036 /* Release */,
			);
			defaultConfigurationIsVisible = 0;
			defaultConfigurationName = Release;
		};
		6BD4059E1D81B59300358036 /* Build configuration list for PBXNativeTarget "ShareOne" */ = {
			isa = XCConfigurationList;
			buildConfigurations = (
				6BD4059F1D81B59300358036 /* Debug */,
				6BD405A01D81B59300358036 /* Release */,
			);
			defaultConfigurationIsVisible = 0;
			defaultConfigurationName = Release;
		};
/* End XCConfigurationList section */
	};
	rootObject = 6BD4057F1D81B59200358036 /* Project object */;
}
